// !$*UTF8*$!
{
	archiveVersion = 1;
	classes = {
	};
	objectVersion = 46;
	objects = {

/* Begin PBXBuildFile section */
		7C07F4931D03CAFB00C9F4A2 /* black.png in Resources */ = {isa = PBXBuildFile; fileRef = 7C07F48F1D03CAFB00C9F4A2 /* black.png */; };
		7C07F4941D03CAFB00C9F4A2 /* whiteStart.png in Resources */ = {isa = PBXBuildFile; fileRef = 7C07F4901D03CAFB00C9F4A2 /* whiteStart.png */; };
		7C07F4951D03CAFB00C9F4A2 /* blackStart.png in Resources */ = {isa = PBXBuildFile; fileRef = 7C07F4911D03CAFB00C9F4A2 /* blackStart.png */; };
		7C07F4961D03CAFB00C9F4A2 /* white.png in Resources */ = {isa = PBXBuildFile; fileRef = 7C07F4921D03CAFB00C9F4A2 /* white.png */; };
		7C07F49B1D03F04700C9F4A2 /* zanting.png in Resources */ = {isa = PBXBuildFile; fileRef = 7C07F4971D03F04700C9F4A2 /* zanting.png */; };
		7C07F49C1D03F04700C9F4A2 /* start.png in Resources */ = {isa = PBXBuildFile; fileRef = 7C07F4981D03F04700C9F4A2 /* start.png */; };
		7C07F49D1D03F04700C9F4A2 /* restart.png in Resources */ = {isa = PBXBuildFile; fileRef = 7C07F4991D03F04700C9F4A2 /* restart.png */; };
		7C07F49E1D03F04700C9F4A2 /* beijing.png in Resources */ = {isa = PBXBuildFile; fileRef = 7C07F49A1D03F04700C9F4A2 /* beijing.png */; };
		7C07F4A01D03F38800C9F4A2 /* kaishi.png in Resources */ = {isa = PBXBuildFile; fileRef = 7C07F49F1D03F38800C9F4A2 /* kaishi.png */; };
		7C07F4A21D03F55F00C9F4A2 /* kaishi2.png in Resources */ = {isa = PBXBuildFile; fileRef = 7C07F4A11D03F55F00C9F4A2 /* kaishi2.png */; };
		7C07F4A71D03FAB700C9F4A2 /* startViewontroller.swift in Sources */ = {isa = PBXBuildFile; fileRef = 7C07F4A61D03FAB700C9F4A2 /* startViewontroller.swift */; };
		7C07F4A91D03FF5400C9F4A2 /* startGameScene.swift in Sources */ = {isa = PBXBuildFile; fileRef = 7C07F4A81D03FF5400C9F4A2 /* startGameScene.swift */; };
		7C07F4AB1D042D5300C9F4A2 /* title.png in Resources */ = {isa = PBXBuildFile; fileRef = 7C07F4AA1D042D5300C9F4A2 /* title.png */; };
		7C07F4AE1D04446000C9F4A2 /* soundManager.swift in Sources */ = {isa = PBXBuildFile; fileRef = 7C07F4AD1D04446000C9F4A2 /* soundManager.swift */; };
		7C07F4B21D04461700C9F4A2 /* ding.mp3 in Resources */ = {isa = PBXBuildFile; fileRef = 7C07F4B11D04461700C9F4A2 /* ding.mp3 */; };
		7C088C021D2BDAEA00E30F26 /* spotlight-iPhone@2x.png in Resources */ = {isa = PBXBuildFile; fileRef = 7C088C001D2BDAEA00E30F26 /* spotlight-iPhone@2x.png */; };
		7C088C031D2BDAEA00E30F26 /* spotlight-iPhone@3x.png in Resources */ = {isa = PBXBuildFile; fileRef = 7C088C011D2BDAEA00E30F26 /* spotlight-iPhone@3x.png */; };
		7C219B641CF2E27100556E20 /* level1.txt in Resources */ = {isa = PBXBuildFile; fileRef = 7C219B631CF2E27100556E20 /* level1.txt */; };
		7C8499321D2A1FAA00554E34 /* selectGameScene.swift in Sources */ = {isa = PBXBuildFile; fileRef = 7C8499311D2A1FAA00554E34 /* selectGameScene.swift */; };
		7C84FA8E1D2B687A00955F12 /* 1.3.png in Resources */ = {isa = PBXBuildFile; fileRef = 7C84FA871D2B687A00955F12 /* 1.3.png */; };
		7C84FA8F1D2B687A00955F12 /* 1.1.png in Resources */ = {isa = PBXBuildFile; fileRef = 7C84FA881D2B687A00955F12 /* 1.1.png */; };
		7C84FA901D2B687A00955F12 /* 1.2.png in Resources */ = {isa = PBXBuildFile; fileRef = 7C84FA891D2B687A00955F12 /* 1.2.png */; };
		7C84FA911D2B687A00955F12 /* 2.1.png in Resources */ = {isa = PBXBuildFile; fileRef = 7C84FA8A1D2B687A00955F12 /* 2.1.png */; };
		7C84FA921D2B687A00955F12 /* 2.2.png in Resources */ = {isa = PBXBuildFile; fileRef = 7C84FA8B1D2B687A00955F12 /* 2.2.png */; };
		7C84FA931D2B687A00955F12 /* 2.3.png in Resources */ = {isa = PBXBuildFile; fileRef = 7C84FA8C1D2B687A00955F12 /* 2.3.png */; };
		7C84FA941D2B687A00955F12 /* caidan.png in Resources */ = {isa = PBXBuildFile; fileRef = 7C84FA8D1D2B687A00955F12 /* caidan.png */; };
		7C96BF351CD622B600D348F9 /* AppDelegate.swift in Sources */ = {isa = PBXBuildFile; fileRef = 7C96BF341CD622B600D348F9 /* AppDelegate.swift */; };
		7C96BF371CD622B600D348F9 /* GameScene.sks in Resources */ = {isa = PBXBuildFile; fileRef = 7C96BF361CD622B600D348F9 /* GameScene.sks */; };
		7C96BF391CD622B600D348F9 /* GameScene.swift in Sources */ = {isa = PBXBuildFile; fileRef = 7C96BF381CD622B600D348F9 /* GameScene.swift */; };
		7C96BF3B1CD622B600D348F9 /* GameViewController.swift in Sources */ = {isa = PBXBuildFile; fileRef = 7C96BF3A1CD622B600D348F9 /* GameViewController.swift */; };
		7C96BF3E1CD622B600D348F9 /* Main.storyboard in Resources */ = {isa = PBXBuildFile; fileRef = 7C96BF3C1CD622B600D348F9 /* Main.storyboard */; };
		7C96BF401CD622B600D348F9 /* Assets.xcassets in Resources */ = {isa = PBXBuildFile; fileRef = 7C96BF3F1CD622B600D348F9 /* Assets.xcassets */; };
		7C96BF431CD622B600D348F9 /* LaunchScreen.storyboard in Resources */ = {isa = PBXBuildFile; fileRef = 7C96BF411CD622B600D348F9 /* LaunchScreen.storyboard */; };
		7C96BF531CD634EB00D348F9 /* gameBoard.swift in Sources */ = {isa = PBXBuildFile; fileRef = 7C96BF521CD634EB00D348F9 /* gameBoard.swift */; };
		7C96DD521D00644C00BBEDBA /* Location.swift in Sources */ = {isa = PBXBuildFile; fileRef = 7C96DD511D00644C00BBEDBA /* Location.swift */; };
		7CF227691CF59AF200E946DB /* gameOverScene.swift in Sources */ = {isa = PBXBuildFile; fileRef = 7CF227681CF59AF200E946DB /* gameOverScene.swift */; };
		7CFEFA341CF86B33003555AF /* level.swift in Sources */ = {isa = PBXBuildFile; fileRef = 7CFEFA331CF86B33003555AF /* level.swift */; };
/* End PBXBuildFile section */

/* Begin PBXFileReference section */
		7C07F48F1D03CAFB00C9F4A2 /* black.png */ = {isa = PBXFileReference; lastKnownFileType = image.png; path = black.png; sourceTree = "<group>"; };
		7C07F4901D03CAFB00C9F4A2 /* whiteStart.png */ = {isa = PBXFileReference; lastKnownFileType = image.png; path = whiteStart.png; sourceTree = "<group>"; };
		7C07F4911D03CAFB00C9F4A2 /* blackStart.png */ = {isa = PBXFileReference; lastKnownFileType = image.png; path = blackStart.png; sourceTree = "<group>"; };
		7C07F4921D03CAFB00C9F4A2 /* white.png */ = {isa = PBXFileReference; lastKnownFileType = image.png; path = white.png; sourceTree = "<group>"; };
		7C07F4971D03F04700C9F4A2 /* zanting.png */ = {isa = PBXFileReference; lastKnownFileType = image.png; path = zanting.png; sourceTree = "<group>"; };
		7C07F4981D03F04700C9F4A2 /* start.png */ = {isa = PBXFileReference; lastKnownFileType = image.png; path = start.png; sourceTree = "<group>"; };
		7C07F4991D03F04700C9F4A2 /* restart.png */ = {isa = PBXFileReference; lastKnownFileType = image.png; path = restart.png; sourceTree = "<group>"; };
		7C07F49A1D03F04700C9F4A2 /* beijing.png */ = {isa = PBXFileReference; lastKnownFileType = image.png; path = beijing.png; sourceTree = "<group>"; };
		7C07F49F1D03F38800C9F4A2 /* kaishi.png */ = {isa = PBXFileReference; lastKnownFileType = image.png; path = kaishi.png; sourceTree = "<group>"; };
		7C07F4A11D03F55F00C9F4A2 /* kaishi2.png */ = {isa = PBXFileReference; lastKnownFileType = image.png; path = kaishi2.png; sourceTree = "<group>"; };
		7C07F4A61D03FAB700C9F4A2 /* startViewontroller.swift */ = {isa = PBXFileReference; fileEncoding = 4; lastKnownFileType = sourcecode.swift; path = startViewontroller.swift; sourceTree = "<group>"; };
		7C07F4A81D03FF5400C9F4A2 /* startGameScene.swift */ = {isa = PBXFileReference; fileEncoding = 4; lastKnownFileType = sourcecode.swift; path = startGameScene.swift; sourceTree = "<group>"; };
		7C07F4AA1D042D5300C9F4A2 /* title.png */ = {isa = PBXFileReference; lastKnownFileType = image.png; path = title.png; sourceTree = "<group>"; };
		7C07F4AD1D04446000C9F4A2 /* soundManager.swift */ = {isa = PBXFileReference; fileEncoding = 4; lastKnownFileType = sourcecode.swift; path = soundManager.swift; sourceTree = "<group>"; };
		7C07F4B11D04461700C9F4A2 /* ding.mp3 */ = {isa = PBXFileReference; lastKnownFileType = audio.mp3; path = ding.mp3; sourceTree = "<group>"; };
		7C088C001D2BDAEA00E30F26 /* spotlight-iPhone@2x.png */ = {isa = PBXFileReference; lastKnownFileType = image.png; path = "spotlight-iPhone@2x.png"; sourceTree = "<group>"; };
		7C088C011D2BDAEA00E30F26 /* spotlight-iPhone@3x.png */ = {isa = PBXFileReference; lastKnownFileType = image.png; path = "spotlight-iPhone@3x.png"; sourceTree = "<group>"; };
		7C219B631CF2E27100556E20 /* level1.txt */ = {isa = PBXFileReference; fileEncoding = 4; lastKnownFileType = text; path = level1.txt; sourceTree = "<group>"; };
		7C8499311D2A1FAA00554E34 /* selectGameScene.swift */ = {isa = PBXFileReference; fileEncoding = 4; lastKnownFileType = sourcecode.swift; path = selectGameScene.swift; sourceTree = "<group>"; };
		7C84FA871D2B687A00955F12 /* 1.3.png */ = {isa = PBXFileReference; lastKnownFileType = image.png; path = 1.3.png; sourceTree = "<group>"; };
		7C84FA881D2B687A00955F12 /* 1.1.png */ = {isa = PBXFileReference; lastKnownFileType = image.png; path = 1.1.png; sourceTree = "<group>"; };
		7C84FA891D2B687A00955F12 /* 1.2.png */ = {isa = PBXFileReference; lastKnownFileType = image.png; path = 1.2.png; sourceTree = "<group>"; };
		7C84FA8A1D2B687A00955F12 /* 2.1.png */ = {isa = PBXFileReference; lastKnownFileType = image.png; path = 2.1.png; sourceTree = "<group>"; };
		7C84FA8B1D2B687A00955F12 /* 2.2.png */ = {isa = PBXFileReference; lastKnownFileType = image.png; path = 2.2.png; sourceTree = "<group>"; };
		7C84FA8C1D2B687A00955F12 /* 2.3.png */ = {isa = PBXFileReference; lastKnownFileType = image.png; path = 2.3.png; sourceTree = "<group>"; };
		7C84FA8D1D2B687A00955F12 /* caidan.png */ = {isa = PBXFileReference; lastKnownFileType = image.png; path = caidan.png; sourceTree = "<group>"; };
		7C96BF311CD622B600D348F9 /* demoGame.app */ = {isa = PBXFileReference; explicitFileType = wrapper.application; includeInIndex = 0; path = demoGame.app; sourceTree = BUILT_PRODUCTS_DIR; };
		7C96BF341CD622B600D348F9 /* AppDelegate.swift */ = {isa = PBXFileReference; lastKnownFileType = sourcecode.swift; path = AppDelegate.swift; sourceTree = "<group>"; };
		7C96BF361CD622B600D348F9 /* GameScene.sks */ = {isa = PBXFileReference; lastKnownFileType = file.sks; path = GameScene.sks; sourceTree = "<group>"; };
		7C96BF381CD622B600D348F9 /* GameScene.swift */ = {isa = PBXFileReference; lastKnownFileType = sourcecode.swift; path = GameScene.swift; sourceTree = "<group>"; };
		7C96BF3A1CD622B600D348F9 /* GameViewController.swift */ = {isa = PBXFileReference; lastKnownFileType = sourcecode.swift; path = GameViewController.swift; sourceTree = "<group>"; };
		7C96BF3D1CD622B600D348F9 /* Base */ = {isa = PBXFileReference; lastKnownFileType = file.storyboard; name = Base; path = Base.lproj/Main.storyboard; sourceTree = "<group>"; };
		7C96BF3F1CD622B600D348F9 /* Assets.xcassets */ = {isa = PBXFileReference; lastKnownFileType = folder.assetcatalog; path = Assets.xcassets; sourceTree = "<group>"; };
		7C96BF421CD622B600D348F9 /* Base */ = {isa = PBXFileReference; lastKnownFileType = file.storyboard; name = Base; path = Base.lproj/LaunchScreen.storyboard; sourceTree = "<group>"; };
		7C96BF441CD622B600D348F9 /* Info.plist */ = {isa = PBXFileReference; lastKnownFileType = text.plist.xml; path = Info.plist; sourceTree = "<group>"; };
		7C96BF521CD634EB00D348F9 /* gameBoard.swift */ = {isa = PBXFileReference; fileEncoding = 4; lastKnownFileType = sourcecode.swift; path = gameBoard.swift; sourceTree = "<group>"; };
		7C96DD511D00644C00BBEDBA /* Location.swift */ = {isa = PBXFileReference; fileEncoding = 4; lastKnownFileType = sourcecode.swift; path = Location.swift; sourceTree = "<group>"; };
		7CF227681CF59AF200E946DB /* gameOverScene.swift */ = {isa = PBXFileReference; fileEncoding = 4; lastKnownFileType = sourcecode.swift; path = gameOverScene.swift; sourceTree = "<group>"; };
		7CFEFA331CF86B33003555AF /* level.swift */ = {isa = PBXFileReference; fileEncoding = 4; lastKnownFileType = sourcecode.swift; path = level.swift; sourceTree = "<group>"; };
/* End PBXFileReference section */

/* Begin PBXFrameworksBuildPhase section */
		7C96BF2E1CD622B600D348F9 /* Frameworks */ = {
			isa = PBXFrameworksBuildPhase;
			buildActionMask = 2147483647;
			files = (
			);
			runOnlyForDeploymentPostprocessing = 0;
		};
/* End PBXFrameworksBuildPhase section */

/* Begin PBXGroup section */
		7C07F4B01D04460E00C9F4A2 /* sound */ = {
			isa = PBXGroup;
			children = (
				7C07F4B11D04461700C9F4A2 /* ding.mp3 */,
			);
			name = sound;
			sourceTree = "<group>";
		};
		7C219B611CF2E20300556E20 /* level */ = {
			isa = PBXGroup;
			children = (
				7C219B631CF2E27100556E20 /* level1.txt */,
			);
			name = level;
			sourceTree = "<group>";
		};
		7C96BF281CD622B600D348F9 = {
			isa = PBXGroup;
			children = (
				7C96BF331CD622B600D348F9 /* demoGame */,
				7C96BF321CD622B600D348F9 /* Products */,
			);
			sourceTree = "<group>";
		};
		7C96BF321CD622B600D348F9 /* Products */ = {
			isa = PBXGroup;
			children = (
				7C96BF311CD622B600D348F9 /* demoGame.app */,
			);
			name = Products;
			sourceTree = "<group>";
		};
		7C96BF331CD622B600D348F9 /* demoGame */ = {
			isa = PBXGroup;
			children = (
				7C96DD511D00644C00BBEDBA /* Location.swift */,
				7C07F4B01D04460E00C9F4A2 /* sound */,
				7C219B611CF2E20300556E20 /* level */,
				7C96BF4F1CD62E6C00D348F9 /* sprites.atlas */,
				7C96BF341CD622B600D348F9 /* AppDelegate.swift */,
				7C07F4A61D03FAB700C9F4A2 /* startViewontroller.swift */,
				7C8499311D2A1FAA00554E34 /* selectGameScene.swift */,
				7C07F4A81D03FF5400C9F4A2 /* startGameScene.swift */,
				7C96BF361CD622B600D348F9 /* GameScene.sks */,
				7C96BF381CD622B600D348F9 /* GameScene.swift */,
				7C96BF3A1CD622B600D348F9 /* GameViewController.swift */,
				7C96BF3C1CD622B600D348F9 /* Main.storyboard */,
				7C96BF521CD634EB00D348F9 /* gameBoard.swift */,
				7C96BF3F1CD622B600D348F9 /* Assets.xcassets */,
				7C96BF411CD622B600D348F9 /* LaunchScreen.storyboard */,
				7C96BF441CD622B600D348F9 /* Info.plist */,
				7C07F4AD1D04446000C9F4A2 /* soundManager.swift */,
				7CF227681CF59AF200E946DB /* gameOverScene.swift */,
				7CFEFA331CF86B33003555AF /* level.swift */,
			);
			path = demoGame;
			sourceTree = "<group>";
		};
		7C96BF4F1CD62E6C00D348F9 /* sprites.atlas */ = {
			isa = PBXGroup;
			children = (
				7C84FA871D2B687A00955F12 /* 1.3.png */,
				7C84FA881D2B687A00955F12 /* 1.1.png */,
				7C84FA891D2B687A00955F12 /* 1.2.png */,
				7C84FA8A1D2B687A00955F12 /* 2.1.png */,
				7C84FA8B1D2B687A00955F12 /* 2.2.png */,
				7C84FA8C1D2B687A00955F12 /* 2.3.png */,
				7C088C001D2BDAEA00E30F26 /* spotlight-iPhone@2x.png */,
				7C088C011D2BDAEA00E30F26 /* spotlight-iPhone@3x.png */,
				7C84FA8D1D2B687A00955F12 /* caidan.png */,
				7C07F4A11D03F55F00C9F4A2 /* kaishi2.png */,
				7C07F4AA1D042D5300C9F4A2 /* title.png */,
				7C07F49F1D03F38800C9F4A2 /* kaishi.png */,
				7C07F4971D03F04700C9F4A2 /* zanting.png */,
				7C07F4981D03F04700C9F4A2 /* start.png */,
				7C07F4991D03F04700C9F4A2 /* restart.png */,
				7C07F49A1D03F04700C9F4A2 /* beijing.png */,
				7C07F48F1D03CAFB00C9F4A2 /* black.png */,
				7C07F4901D03CAFB00C9F4A2 /* whiteStart.png */,
				7C07F4911D03CAFB00C9F4A2 /* blackStart.png */,
				7C07F4921D03CAFB00C9F4A2 /* white.png */,
			);
			name = sprites.atlas;
			path = ..;
			sourceTree = "<group>";
		};
/* End PBXGroup section */

/* Begin PBXNativeTarget section */
		7C96BF301CD622B600D348F9 /* demoGame */ = {
			isa = PBXNativeTarget;
			buildConfigurationList = 7C96BF471CD622B600D348F9 /* Build configuration list for PBXNativeTarget "demoGame" */;
			buildPhases = (
				7C96BF2D1CD622B600D348F9 /* Sources */,
				7C96BF2E1CD622B600D348F9 /* Frameworks */,
				7C96BF2F1CD622B600D348F9 /* Resources */,
			);
			buildRules = (
			);
			dependencies = (
			);
			name = demoGame;
			productName = demoGame;
			productReference = 7C96BF311CD622B600D348F9 /* demoGame.app */;
			productType = "com.apple.product-type.application";
		};
/* End PBXNativeTarget section */

/* Begin PBXProject section */
		7C96BF291CD622B600D348F9 /* Project object */ = {
			isa = PBXProject;
			attributes = {
				LastSwiftUpdateCheck = 0710;
				LastUpgradeCheck = 0710;
				ORGANIZATIONNAME = nju;
				TargetAttributes = {
					7C96BF301CD622B600D348F9 = {
						CreatedOnToolsVersion = 7.1;
						DevelopmentTeam = 84QYDL29UJ;
					};
				};
			};
			buildConfigurationList = 7C96BF2C1CD622B600D348F9 /* Build configuration list for PBXProject "demoGame" */;
			compatibilityVersion = "Xcode 3.2";
			developmentRegion = English;
			hasScannedForEncodings = 0;
			knownRegions = (
				en,
				Base,
			);
			mainGroup = 7C96BF281CD622B600D348F9;
			productRefGroup = 7C96BF321CD622B600D348F9 /* Products */;
			projectDirPath = "";
			projectRoot = "";
			targets = (
				7C96BF301CD622B600D348F9 /* demoGame */,
			);
		};
/* End PBXProject section */

/* Begin PBXResourcesBuildPhase section */
		7C96BF2F1CD622B600D348F9 /* Resources */ = {
			isa = PBXResourcesBuildPhase;
			buildActionMask = 2147483647;
			files = (
				7C96BF371CD622B600D348F9 /* GameScene.sks in Resources */,
				7C088C021D2BDAEA00E30F26 /* spotlight-iPhone@2x.png in Resources */,
				7C07F4AB1D042D5300C9F4A2 /* title.png in Resources */,
				7C07F4B21D04461700C9F4A2 /* ding.mp3 in Resources */,
				7C84FA911D2B687A00955F12 /* 2.1.png in Resources */,
				7C07F4931D03CAFB00C9F4A2 /* black.png in Resources */,
				7C84FA921D2B687A00955F12 /* 2.2.png in Resources */,
				7C07F49B1D03F04700C9F4A2 /* zanting.png in Resources */,
				7C96BF431CD622B600D348F9 /* LaunchScreen.storyboard in Resources */,
				7C84FA8E1D2B687A00955F12 /* 1.3.png in Resources */,
				7C07F49E1D03F04700C9F4A2 /* beijing.png in Resources */,
				7C07F49D1D03F04700C9F4A2 /* restart.png in Resources */,
				7C07F4941D03CAFB00C9F4A2 /* whiteStart.png in Resources */,
				7C07F4A01D03F38800C9F4A2 /* kaishi.png in Resources */,
				7C96BF401CD622B600D348F9 /* Assets.xcassets in Resources */,
				7C84FA941D2B687A00955F12 /* caidan.png in Resources */,
				7C07F4A21D03F55F00C9F4A2 /* kaishi2.png in Resources */,
				7C219B641CF2E27100556E20 /* level1.txt in Resources */,
				7C84FA8F1D2B687A00955F12 /* 1.1.png in Resources */,
				7C84FA901D2B687A00955F12 /* 1.2.png in Resources */,
				7C07F4951D03CAFB00C9F4A2 /* blackStart.png in Resources */,
				7C088C031D2BDAEA00E30F26 /* spotlight-iPhone@3x.png in Resources */,
				7C96BF3E1CD622B600D348F9 /* Main.storyboard in Resources */,
				7C84FA931D2B687A00955F12 /* 2.3.png in Resources */,
				7C07F49C1D03F04700C9F4A2 /* start.png in Resources */,
				7C07F4961D03CAFB00C9F4A2 /* white.png in Resources */,
			);
			runOnlyForDeploymentPostprocessing = 0;
		};
/* End PBXResourcesBuildPhase section */

/* Begin PBXSourcesBuildPhase section */
		7C96BF2D1CD622B600D348F9 /* Sources */ = {
			isa = PBXSourcesBuildPhase;
			buildActionMask = 2147483647;
			files = (
				7C96BF531CD634EB00D348F9 /* gameBoard.swift in Sources */,
				7C96BF391CD622B600D348F9 /* GameScene.swift in Sources */,
				7CF227691CF59AF200E946DB /* gameOverScene.swift in Sources */,
				7C96BF3B1CD622B600D348F9 /* GameViewController.swift in Sources */,
				7C96BF351CD622B600D348F9 /* AppDelegate.swift in Sources */,
				7C07F4A71D03FAB700C9F4A2 /* startViewontroller.swift in Sources */,
				7CFEFA341CF86B33003555AF /* level.swift in Sources */,
				7C07F4A91D03FF5400C9F4A2 /* startGameScene.swift in Sources */,
				7C8499321D2A1FAA00554E34 /* selectGameScene.swift in Sources */,
				7C96DD521D00644C00BBEDBA /* Location.swift in Sources */,
				7C07F4AE1D04446000C9F4A2 /* soundManager.swift in Sources */,
			);
			runOnlyForDeploymentPostprocessing = 0;
		};
/* End PBXSourcesBuildPhase section */

/* Begin PBXVariantGroup section */
		7C96BF3C1CD622B600D348F9 /* Main.storyboard */ = {
			isa = PBXVariantGroup;
			children = (
				7C96BF3D1CD622B600D348F9 /* Base */,
			);
			name = Main.storyboard;
			sourceTree = "<group>";
		};
		7C96BF411CD622B600D348F9 /* LaunchScreen.storyboard */ = {
			isa = PBXVariantGroup;
			children = (
				7C96BF421CD622B600D348F9 /* Base */,
			);
			name = LaunchScreen.storyboard;
			sourceTree = "<group>";
		};
/* End PBXVariantGroup section */

/* Begin XCBuildConfiguration section */
		7C96BF451CD622B600D348F9 /* Debug */ = {
			isa = XCBuildConfiguration;
			buildSettings = {
				ALWAYS_SEARCH_USER_PATHS = NO;
				CLANG_CXX_LANGUAGE_STANDARD = "gnu++0x";
				CLANG_CXX_LIBRARY = "libc++";
				CLANG_ENABLE_MODULES = YES;
				CLANG_ENABLE_OBJC_ARC = YES;
				CLANG_WARN_BOOL_CONVERSION = YES;
				CLANG_WARN_CONSTANT_CONVERSION = YES;
				CLANG_WARN_DIRECT_OBJC_ISA_USAGE = YES_ERROR;
				CLANG_WARN_EMPTY_BODY = YES;
				CLANG_WARN_ENUM_CONVERSION = YES;
				CLANG_WARN_INT_CONVERSION = YES;
				CLANG_WARN_OBJC_ROOT_CLASS = YES_ERROR;
				CLANG_WARN_UNREACHABLE_CODE = YES;
				CLANG_WARN__DUPLICATE_METHOD_MATCH = YES;
				"CODE_SIGN_IDENTITY[sdk=iphoneos*]" = "iPhone Developer";
				COPY_PHASE_STRIP = NO;
				DEBUG_INFORMATION_FORMAT = "dwarf-with-dsym";
				ENABLE_STRICT_OBJC_MSGSEND = YES;
				ENABLE_TESTABILITY = YES;
				GCC_C_LANGUAGE_STANDARD = gnu99;
				GCC_DYNAMIC_NO_PIC = NO;
				GCC_NO_COMMON_BLOCKS = YES;
				GCC_OPTIMIZATION_LEVEL = 0;
				GCC_PREPROCESSOR_DEFINITIONS = (
					"DEBUG=1",
					"$(inherited)",
				);
				GCC_WARN_64_TO_32_BIT_CONVERSION = YES;
				GCC_WARN_ABOUT_RETURN_TYPE = YES_ERROR;
				GCC_WARN_UNDECLARED_SELECTOR = YES;
				GCC_WARN_UNINITIALIZED_AUTOS = YES_AGGRESSIVE;
				GCC_WARN_UNUSED_FUNCTION = YES;
				GCC_WARN_UNUSED_VARIABLE = YES;
				IPHONEOS_DEPLOYMENT_TARGET = 9.1;
				MTL_ENABLE_DEBUG_INFO = YES;
				ONLY_ACTIVE_ARCH = YES;
				SDKROOT = iphoneos;
				SWIFT_OPTIMIZATION_LEVEL = "-Onone";
				TARGETED_DEVICE_FAMILY = "1,2";
			};
			name = Debug;
		};
		7C96BF461CD622B600D348F9 /* Release */ = {
			isa = XCBuildConfiguration;
			buildSettings = {
				ALWAYS_SEARCH_USER_PATHS = NO;
				CLANG_CXX_LANGUAGE_STANDARD = "gnu++0x";
				CLANG_CXX_LIBRARY = "libc++";
				CLANG_ENABLE_MODULES = YES;
				CLANG_ENABLE_OBJC_ARC = YES;
				CLANG_WARN_BOOL_CONVERSION = YES;
				CLANG_WARN_CONSTANT_CONVERSION = YES;
				CLANG_WARN_DIRECT_OBJC_ISA_USAGE = YES_ERROR;
				CLANG_WARN_EMPTY_BODY = YES;
				CLANG_WARN_ENUM_CONVERSION = YES;
				CLANG_WARN_INT_CONVERSION = YES;
				CLANG_WARN_OBJC_ROOT_CLASS = YES_ERROR;
				CLANG_WARN_UNREACHABLE_CODE = YES;
				CLANG_WARN__DUPLICATE_METHOD_MATCH = YES;
				"CODE_SIGN_IDENTITY[sdk=iphoneos*]" = "iPhone Developer";
				COPY_PHASE_STRIP = NO;
				DEBUG_INFORMATION_FORMAT = "dwarf-with-dsym";
				ENABLE_NS_ASSERTIONS = NO;
				ENABLE_STRICT_OBJC_MSGSEND = YES;
				GCC_C_LANGUAGE_STANDARD = gnu99;
				GCC_NO_COMMON_BLOCKS = YES;
				GCC_WARN_64_TO_32_BIT_CONVERSION = YES;
				GCC_WARN_ABOUT_RETURN_TYPE = YES_ERROR;
				GCC_WARN_UNDECLARED_SELECTOR = YES;
				GCC_WARN_UNINITIALIZED_AUTOS = YES_AGGRESSIVE;
				GCC_WARN_UNUSED_FUNCTION = YES;
				GCC_WARN_UNUSED_VARIABLE = YES;
				IPHONEOS_DEPLOYMENT_TARGET = 9.1;
				MTL_ENABLE_DEBUG_INFO = NO;
				SDKROOT = iphoneos;
				TARGETED_DEVICE_FAMILY = "1,2";
				VALIDATE_PRODUCT = YES;
			};
			name = Release;
		};
		7C96BF481CD622B600D348F9 /* Debug */ = {
			isa = XCBuildConfiguration;
			buildSettings = {
				ASSETCATALOG_COMPILER_APPICON_NAME = AppIcon;
				ASSETCATALOG_COMPILER_LAUNCHIMAGE_NAME = "Brand Assets";
				CODE_SIGN_IDENTITY = "iPhone Developer";
				"CODE_SIGN_IDENTITY[sdk=iphoneos*]" = "iPhone Developer";
				INFOPLIST_FILE = demoGame/Info.plist;
				LD_RUNPATH_SEARCH_PATHS = "$(inherited) @executable_path/Frameworks";
				PRODUCT_BUNDLE_IDENTIFIER = demoGame;
				PRODUCT_NAME = "$(TARGET_NAME)";
				PROVISIONING_PROFILE = "";
			};
			name = Debug;
		};
		7C96BF491CD622B600D348F9 /* Release */ = {
			isa = XCBuildConfiguration;
			buildSettings = {
				ASSETCATALOG_COMPILER_APPICON_NAME = AppIcon;
				ASSETCATALOG_COMPILER_LAUNCHIMAGE_NAME = "Brand Assets";
				CODE_SIGN_IDENTITY = "iPhone Developer";
				"CODE_SIGN_IDENTITY[sdk=iphoneos*]" = "iPhone Developer";
				INFOPLIST_FILE = demoGame/Info.plist;
				LD_RUNPATH_SEARCH_PATHS = "$(inherited) @executable_path/Frameworks";
				PRODUCT_BUNDLE_IDENTIFIER = demoGame;
				PRODUCT_NAME = "$(TARGET_NAME)";
				PROVISIONING_PROFILE = "";
			};
			name = Release;
		};
/* End XCBuildConfiguration section */

/* Begin XCConfigurationList section */
		7C96BF2C1CD622B600D348F9 /* Build configuration list for PBXProject "demoGame" */ = {
			isa = XCConfigurationList;
			buildConfigurations = (
				7C96BF451CD622B600D348F9 /* Debug */,
				7C96BF461CD622B600D348F9 /* Release */,
			);
			defaultConfigurationIsVisible = 0;
			defaultConfigurationName = Release;
		};
		7C96BF471CD622B600D348F9 /* Build configuration list for PBXNativeTarget "demoGame" */ = {
			isa = XCConfigurationList;
			buildConfigurations = (
				7C96BF481CD622B600D348F9 /* Debug */,
				7C96BF491CD622B600D348F9 /* Release */,
			);
			defaultConfigurationIsVisible = 0;
			defaultConfigurationName = Release;
		};
/* End XCConfigurationList section */
	};
	rootObject = 7C96BF291CD622B600D348F9 /* Project object */;
}
